
Microsoft Visual Studio Solution File, Format Version 12.00
# Visual Studio Version 16
VisualStudioVersion = 16.0.32002.261
MinimumVisualStudioVersion = 10.0.40219.1
Project("{FAE04EC0-301F-11D3-BF4B-00C04F79EFBC}") = "Tome", "Tome.csproj", "{7DBDF17A-4C95-41CA-86EE-D9B875525A97}"
EndProject
Global
	GlobalSection(SolutionConfigurationPlatforms) = preSolution
		Debug|Any CPU = Debug|Any CPU
		Release|Any CPU = Release|Any CPU
	EndGlobalSection
	GlobalSection(ProjectConfigurationPlatforms) = postSolution
		{7DBDF17A-4C95-41CA-86EE-D9B875525A97}.Debug|Any CPU.ActiveCfg = Debug|Any CPU
		{7DBDF17A-4C95-41CA-86EE-D9B875525A97}.Debug|Any CPU.Build.0 = Debug|Any CPU
		{7DBDF17A-4C95-41CA-86EE-D9B875525A97}.Release|Any CPU.ActiveCfg = Release|Any CPU
		{7DBDF17A-4C95-41CA-86EE-D9B875525A97}.Release|Any CPU.Build.0 = Release|Any CPU
	EndGlobalSection
	GlobalSection(SolutionProperties) = preSolution
		HideSolutionNode = FALSE
	EndGlobalSection
	GlobalSection(ExtensibilityGlobals) = postSolution
		SolutionGuid = {F99956EE-6150-4B4A-9848-191C6EAC2B67}
	EndGlobalSection
EndGlobal
